# generated by rye
# use `rye lock` or `rye sync` to update this lockfile
#
# last locked with the following flags:
#   pre: false
#   features: []
#   all-features: false
#   with-sources: false

-e file:.
beautifulsoup4==4.12.3
    # via reascript-parse
black==24.3.0
click==8.1.7
    # via black
colorama==0.4.6
    # via click
mypy-extensions==1.0.0
    # via black
packaging==23.2
    # via black
pathspec==0.12.1
    # via black
platformdirs==4.2.0
    # via black
soupsieve==2.5
    # via beautifulsoup4
